--- Cargo.lock.orig	2026-07-14 14:05:42 UTC
+++ Cargo.lock
@@ -1,6 +1,6 @@
 # This file is automatically @generated by Cargo.
 # It is not intended for manual editing.
-version = 3
+version = 4
 
 [[package]]
 name = "aho-corasick"
@@ -684,9 +684,9 @@ name = "libc"
 
 [[package]]
 name = "libc"
-version = "0.2.138"
+version = "0.2.186"
 source = "registry+https://github.com/rust-lang/crates.io-index"
-checksum = "db6d7e329c562c5dfab7a46a2afabc8b987ab9a4834c9d1ca04dc54c1546cef8"
+checksum = "68ab91017fe16c622486840e4c83c9a37afeff978bd239b5293d61ece587de66"
 
 [[package]]
 name = "linux-raw-sys"
