--- Cargo.lock.orig	2026-07-09 20:05:06 UTC
+++ Cargo.lock
@@ -718,9 +718,9 @@ name = "inotify"
 
 [[package]]
 name = "inotify"
-version = "0.11.2"
+version = "0.11.4"
 source = "registry+https://github.com/rust-lang/crates.io-index"
-checksum = "533e68a5842e734946fe159fb03fc9bbbb254f590dd0d8ad321ae5ff7beca2c1"
+checksum = "153be1941a183ec9ccd095ddbe17a8b8d435ef6c76e9e02451b933c3999af2c8"
 dependencies = [
  "bitflags",
  "futures-util",
@@ -731,9 +731,9 @@ name = "inotify-sys"
 
 [[package]]
 name = "inotify-sys"
-version = "0.1.5"
+version = "0.1.8"
 source = "registry+https://github.com/rust-lang/crates.io-index"
-checksum = "e05c02b5e89bff3b946cedeca278abc628fe811e604f027c45a8aa3cf793d0eb"
+checksum = "c033f80b2c113cdf91ab7a33faa9cbc014726dcad99880c8609af2a370edf37d"
 dependencies = [
  "libc",
 ]
